{
  "version": 2,
  "packages": {
    "cligen": {
      "version": "1.9.1",
      "vcsRevision": "79f1566ee77f696b2ee85ef56f9c14c68c93d089",
      "url": "https://github.com/c-blake/cligen.git",
      "downloadMethod": "git",
      "dependencies": [],
      "checksums": {
        "sha1": "d8ac5294dee6679ce8837b9a9e22ff1194907701"
      }
    }
  },
  "tasks": {}
}
